
Microsoft Visual Studio Solution File, Format Version 12.00
# Visual Studio Version 16
VisualStudioVersion = 16.0.31025.194
MinimumVisualStudioVersion = 10.0.40219.1
Project("{FAE04EC0-301F-11D3-BF4B-00C04F79EFBC}") = "Addidas_Outlet", "Addidas_Outlet.csproj", "{9F37765D-0B9D-4FF6-8C28-E208BC65B6D0}"
EndProject
Global
	GlobalSection(SolutionConfigurationPlatforms) = preSolution
		Debug|Any CPU = Debug|Any CPU
		Release|Any CPU = Release|Any CPU
	EndGlobalSection
	GlobalSection(ProjectConfigurationPlatforms) = postSolution
		{9F37765D-0B9D-4FF6-8C28-E208BC65B6D0}.Debug|Any CPU.ActiveCfg = Debug|Any CPU
		{9F37765D-0B9D-4FF6-8C28-E208BC65B6D0}.Debug|Any CPU.Build.0 = Debug|Any CPU
		{9F37765D-0B9D-4FF6-8C28-E208BC65B6D0}.Release|Any CPU.ActiveCfg = Release|Any CPU
		{9F37765D-0B9D-4FF6-8C28-E208BC65B6D0}.Release|Any CPU.Build.0 = Release|Any CPU
	EndGlobalSection
	GlobalSection(SolutionProperties) = preSolution
		HideSolutionNode = FALSE
	EndGlobalSection
	GlobalSection(ExtensibilityGlobals) = postSolution
		SolutionGuid = {C5542B5B-9066-41F9-AC2A-3996ED4AE21C}
	EndGlobalSection
EndGlobal
